// !$*UTF8*$!
{
	archiveVersion = 1;
	classes = {
	};
	objectVersion = 56;
	objects = {

/* Begin PBXBuildFile section */
		03E5A5492B7CB6430007E4F5 /* AppDelegate.swift in Sources */ = {isa = PBXBuildFile; fileRef = 03E5A5482B7CB6430007E4F5 /* AppDelegate.swift */; };
		03E5A54B2B7CB6430007E4F5 /* SceneDelegate.swift in Sources */ = {isa = PBXBuildFile; fileRef = 03E5A54A2B7CB6430007E4F5 /* SceneDelegate.swift */; };
		03E5A54D2B7CB6430007E4F5 /* ViewController.swift in Sources */ = {isa = PBXBuildFile; fileRef = 03E5A54C2B7CB6430007E4F5 /* ViewController.swift */; };
		03E5A5522B7CB6470007E4F5 /* Assets.xcassets in Resources */ = {isa = PBXBuildFile; fileRef = 03E5A5512B7CB6470007E4F5 /* Assets.xcassets */; };
		03E5A5552B7CB6470007E4F5 /* LaunchScreen.storyboard in Resources */ = {isa = PBXBuildFile; fileRef = 03E5A5532B7CB6470007E4F5 /* LaunchScreen.storyboard */; };
		03E5A5602B7CB6480007E4F5 /* MindboxTestTaskTests.swift in Sources */ = {isa = PBXBuildFile; fileRef = 03E5A55F2B7CB6480007E4F5 /* MindboxTestTaskTests.swift */; };
		03E5A56A2B7CB6480007E4F5 /* MindboxTestTaskUITests.swift in Sources */ = {isa = PBXBuildFile; fileRef = 03E5A5692B7CB6480007E4F5 /* MindboxTestTaskUITests.swift */; };
		03E5A56C2B7CB6480007E4F5 /* MindboxTestTaskUITestsLaunchTests.swift in Sources */ = {isa = PBXBuildFile; fileRef = 03E5A56B2B7CB6480007E4F5 /* MindboxTestTaskUITestsLaunchTests.swift */; };
/* End PBXBuildFile section */

/* Begin PBXContainerItemProxy section */
		03E5A55C2B7CB6480007E4F5 /* PBXContainerItemProxy */ = {
			isa = PBXContainerItemProxy;
			containerPortal = 03E5A53D2B7CB6430007E4F5 /* Project object */;
			proxyType = 1;
			remoteGlobalIDString = 03E5A5442B7CB6430007E4F5;
			remoteInfo = MindboxTestTask;
		};
		03E5A5662B7CB6480007E4F5 /* PBXContainerItemProxy */ = {
			isa = PBXContainerItemProxy;
			containerPortal = 03E5A53D2B7CB6430007E4F5 /* Project object */;
			proxyType = 1;
			remoteGlobalIDString = 03E5A5442B7CB6430007E4F5;
			remoteInfo = MindboxTestTask;
		};
/* End PBXContainerItemProxy section */

/* Begin PBXFileReference section */
		03E5A5452B7CB6430007E4F5 /* MindboxTestTask.app */ = {isa = PBXFileReference; explicitFileType = wrapper.application; includeInIndex = 0; path = MindboxTestTask.app; sourceTree = BUILT_PRODUCTS_DIR; };
		03E5A5482B7CB6430007E4F5 /* AppDelegate.swift */ = {isa = PBXFileReference; lastKnownFileType = sourcecode.swift; path = AppDelegate.swift; sourceTree = "<group>"; };
		03E5A54A2B7CB6430007E4F5 /* SceneDelegate.swift */ = {isa = PBXFileReference; lastKnownFileType = sourcecode.swift; path = SceneDelegate.swift; sourceTree = "<group>"; };
		03E5A54C2B7CB6430007E4F5 /* ViewController.swift */ = {isa = PBXFileReference; lastKnownFileType = sourcecode.swift; path = ViewController.swift; sourceTree = "<group>"; };
		03E5A5512B7CB6470007E4F5 /* Assets.xcassets */ = {isa = PBXFileReference; lastKnownFileType = folder.assetcatalog; path = Assets.xcassets; sourceTree = "<group>"; };
		03E5A5542B7CB6470007E4F5 /* Base */ = {isa = PBXFileReference; lastKnownFileType = file.storyboard; name = Base; path = Base.lproj/LaunchScreen.storyboard; sourceTree = "<group>"; };
		03E5A5562B7CB6470007E4F5 /* Info.plist */ = {isa = PBXFileReference; lastKnownFileType = text.plist.xml; path = Info.plist; sourceTree = "<group>"; };
		03E5A55B2B7CB6480007E4F5 /* MindboxTestTaskTests.xctest */ = {isa = PBXFileReference; explicitFileType = wrapper.cfbundle; includeInIndex = 0; path = MindboxTestTaskTests.xctest; sourceTree = BUILT_PRODUCTS_DIR; };
		03E5A55F2B7CB6480007E4F5 /* MindboxTestTaskTests.swift */ = {isa = PBXFileReference; lastKnownFileType = sourcecode.swift; path = MindboxTestTaskTests.swift; sourceTree = "<group>"; };
		03E5A5652B7CB6480007E4F5 /* MindboxTestTaskUITests.xctest */ = {isa = PBXFileReference; explicitFileType = wrapper.cfbundle; includeInIndex = 0; path = MindboxTestTaskUITests.xctest; sourceTree = BUILT_PRODUCTS_DIR; };
		03E5A5692B7CB6480007E4F5 /* MindboxTestTaskUITests.swift */ = {isa = PBXFileReference; lastKnownFileType = sourcecode.swift; path = MindboxTestTaskUITests.swift; sourceTree = "<group>"; };
		03E5A56B2B7CB6480007E4F5 /* MindboxTestTaskUITestsLaunchTests.swift */ = {isa = PBXFileReference; lastKnownFileType = sourcecode.swift; path = MindboxTestTaskUITestsLaunchTests.swift; sourceTree = "<group>"; };
/* End PBXFileReference section */

/* Begin PBXFrameworksBuildPhase section */
		03E5A5422B7CB6430007E4F5 /* Frameworks */ = {
			isa = PBXFrameworksBuildPhase;
			buildActionMask = 2147483647;
			files = (
			);
			runOnlyForDeploymentPostprocessing = 0;
		};
		03E5A5582B7CB6480007E4F5 /* Frameworks */ = {
			isa = PBXFrameworksBuildPhase;
			buildActionMask = 2147483647;
			files = (
			);
			runOnlyForDeploymentPostprocessing = 0;
		};
		03E5A5622B7CB6480007E4F5 /* Frameworks */ = {
			isa = PBXFrameworksBuildPhase;
			buildActionMask = 2147483647;
			files = (
			);
			runOnlyForDeploymentPostprocessing = 0;
		};
/* End PBXFrameworksBuildPhase section */

/* Begin PBXGroup section */
		03E5A53C2B7CB6430007E4F5 = {
			isa = PBXGroup;
			children = (
				03E5A5472B7CB6430007E4F5 /* MindboxTestTask */,
				03E5A55E2B7CB6480007E4F5 /* MindboxTestTaskTests */,
				03E5A5682B7CB6480007E4F5 /* MindboxTestTaskUITests */,
				03E5A5462B7CB6430007E4F5 /* Products */,
			);
			sourceTree = "<group>";
		};
		03E5A5462B7CB6430007E4F5 /* Products */ = {
			isa = PBXGroup;
			children = (
				03E5A5452B7CB6430007E4F5 /* MindboxTestTask.app */,
				03E5A55B2B7CB6480007E4F5 /* MindboxTestTaskTests.xctest */,
				03E5A5652B7CB6480007E4F5 /* MindboxTestTaskUITests.xctest */,
			);
			name = Products;
			sourceTree = "<group>";
		};
		03E5A5472B7CB6430007E4F5 /* MindboxTestTask */ = {
			isa = PBXGroup;
			children = (
				03E5A5482B7CB6430007E4F5 /* AppDelegate.swift */,
				03E5A54A2B7CB6430007E4F5 /* SceneDelegate.swift */,
				03E5A54C2B7CB6430007E4F5 /* ViewController.swift */,
				03E5A5512B7CB6470007E4F5 /* Assets.xcassets */,
				03E5A5532B7CB6470007E4F5 /* LaunchScreen.storyboard */,
				03E5A5562B7CB6470007E4F5 /* Info.plist */,
			);
			path = MindboxTestTask;
			sourceTree = "<group>";
		};
		03E5A55E2B7CB6480007E4F5 /* MindboxTestTaskTests */ = {
			isa = PBXGroup;
			children = (
				03E5A55F2B7CB6480007E4F5 /* MindboxTestTaskTests.swift */,
			);
			path = MindboxTestTaskTests;
			sourceTree = "<group>";
		};
		03E5A5682B7CB6480007E4F5 /* MindboxTestTaskUITests */ = {
			isa = PBXGroup;
			children = (
				03E5A5692B7CB6480007E4F5 /* MindboxTestTaskUITests.swift */,
				03E5A56B2B7CB6480007E4F5 /* MindboxTestTaskUITestsLaunchTests.swift */,
			);
			path = MindboxTestTaskUITests;
			sourceTree = "<group>";
		};
/* End PBXGroup section */

/* Begin PBXNativeTarget section */
		03E5A5442B7CB6430007E4F5 /* MindboxTestTask */ = {
			isa = PBXNativeTarget;
			buildConfigurationList = 03E5A56F2B7CB6480007E4F5 /* Build configuration list for PBXNativeTarget "MindboxTestTask" */;
			buildPhases = (
				03E5A5412B7CB6430007E4F5 /* Sources */,
				03E5A5422B7CB6430007E4F5 /* Frameworks */,
				03E5A5432B7CB6430007E4F5 /* Resources */,
			);
			buildRules = (
			);
			dependencies = (
			);
			name = MindboxTestTask;
			productName = MindboxTestTask;
			productReference = 03E5A5452B7CB6430007E4F5 /* MindboxTestTask.app */;
			productType = "com.apple.product-type.application";
		};
		03E5A55A2B7CB6480007E4F5 /* MindboxTestTaskTests */ = {
			isa = PBXNativeTarget;
			buildConfigurationList = 03E5A5722B7CB6480007E4F5 /* Build configuration list for PBXNativeTarget "MindboxTestTaskTests" */;
			buildPhases = (
				03E5A5572B7CB6480007E4F5 /* Sources */,
				03E5A5582B7CB6480007E4F5 /* Frameworks */,
				03E5A5592B7CB6480007E4F5 /* Resources */,
			);
			buildRules = (
			);
			dependencies = (
				03E5A55D2B7CB6480007E4F5 /* PBXTargetDependency */,
			);
			name = MindboxTestTaskTests;
			productName = MindboxTestTaskTests;
			productReference = 03E5A55B2B7CB6480007E4F5 /* MindboxTestTaskTests.xctest */;
			productType = "com.apple.product-type.bundle.unit-test";
		};
		03E5A5642B7CB6480007E4F5 /* MindboxTestTaskUITests */ = {
			isa = PBXNativeTarget;
			buildConfigurationList = 03E5A5752B7CB6480007E4F5 /* Build configuration list for PBXNativeTarget "MindboxTestTaskUITests" */;
			buildPhases = (
				03E5A5612B7CB6480007E4F5 /* Sources */,
				03E5A5622B7CB6480007E4F5 /* Frameworks */,
				03E5A5632B7CB6480007E4F5 /* Resources */,
			);
			buildRules = (
			);
			dependencies = (
				03E5A5672B7CB6480007E4F5 /* PBXTargetDependency */,
			);
			name = MindboxTestTaskUITests;
			productName = MindboxTestTaskUITests;
			productReference = 03E5A5652B7CB6480007E4F5 /* MindboxTestTaskUITests.xctest */;
			productType = "com.apple.product-type.bundle.ui-testing";
		};
/* End PBXNativeTarget section */

/* Begin PBXProject section */
		03E5A53D2B7CB6430007E4F5 /* Project object */ = {
			isa = PBXProject;
			attributes = {
				BuildIndependentTargetsInParallel = 1;
				LastSwiftUpdateCheck = 1520;
				LastUpgradeCheck = 1520;
				TargetAttributes = {
					03E5A5442B7CB6430007E4F5 = {
						CreatedOnToolsVersion = 15.2;
					};
					03E5A55A2B7CB6480007E4F5 = {
						CreatedOnToolsVersion = 15.2;
						TestTargetID = 03E5A5442B7CB6430007E4F5;
					};
					03E5A5642B7CB6480007E4F5 = {
						CreatedOnToolsVersion = 15.2;
						TestTargetID = 03E5A5442B7CB6430007E4F5;
					};
				};
			};
			buildConfigurationList = 03E5A5402B7CB6430007E4F5 /* Build configuration list for PBXProject "MindboxTestTask" */;
			compatibilityVersion = "Xcode 14.0";
			developmentRegion = en;
			hasScannedForEncodings = 0;
			knownRegions = (
				en,
				Base,
			);
			mainGroup = 03E5A53C2B7CB6430007E4F5;
			productRefGroup = 03E5A5462B7CB6430007E4F5 /* Products */;
			projectDirPath = "";
			projectRoot = "";
			targets = (
				03E5A5442B7CB6430007E4F5 /* MindboxTestTask */,
				03E5A55A2B7CB6480007E4F5 /* MindboxTestTaskTests */,
				03E5A5642B7CB6480007E4F5 /* MindboxTestTaskUITests */,
			);
		};
/* End PBXProject section */

/* Begin PBXResourcesBuildPhase section */
		03E5A5432B7CB6430007E4F5 /* Resources */ = {
			isa = PBXResourcesBuildPhase;
			buildActionMask = 2147483647;
			files = (
				03E5A5552B7CB6470007E4F5 /* LaunchScreen.storyboard in Resources */,
				03E5A5522B7CB6470007E4F5 /* Assets.xcassets in Resources */,
			);
			runOnlyForDeploymentPostprocessing = 0;
		};
		03E5A5592B7CB6480007E4F5 /* Resources */ = {
			isa = PBXResourcesBuildPhase;
			buildActionMask = 2147483647;
			files = (
			);
			runOnlyForDeploymentPostprocessing = 0;
		};
		03E5A5632B7CB6480007E4F5 /* Resources */ = {
			isa = PBXResourcesBuildPhase;
			buildActionMask = 2147483647;
			files = (
			);
			runOnlyForDeploymentPostprocessing = 0;
		};
/* End PBXResourcesBuildPhase section */

/* Begin PBXSourcesBuildPhase section */
		03E5A5412B7CB6430007E4F5 /* Sources */ = {
			isa = PBXSourcesBuildPhase;
			buildActionMask = 2147483647;
			files = (
				03E5A54D2B7CB6430007E4F5 /* ViewController.swift in Sources */,
				03E5A5492B7CB6430007E4F5 /* AppDelegate.swift in Sources */,
				03E5A54B2B7CB6430007E4F5 /* SceneDelegate.swift in Sources */,
			);
			runOnlyForDeploymentPostprocessing = 0;
		};
		03E5A5572B7CB6480007E4F5 /* Sources */ = {
			isa = PBXSourcesBuildPhase;
			buildActionMask = 2147483647;
			files = (
				03E5A5602B7CB6480007E4F5 /* MindboxTestTaskTests.swift in Sources */,
			);
			runOnlyForDeploymentPostprocessing = 0;
		};
		03E5A5612B7CB6480007E4F5 /* Sources */ = {
			isa = PBXSourcesBuildPhase;
			buildActionMask = 2147483647;
			files = (
				03E5A56A2B7CB6480007E4F5 /* MindboxTestTaskUITests.swift in Sources */,
				03E5A56C2B7CB6480007E4F5 /* MindboxTestTaskUITestsLaunchTests.swift in Sources */,
			);
			runOnlyForDeploymentPostprocessing = 0;
		};
/* End PBXSourcesBuildPhase section */

/* Begin PBXTargetDependency section */
		03E5A55D2B7CB6480007E4F5 /* PBXTargetDependency */ = {
			isa = PBXTargetDependency;
			target = 03E5A5442B7CB6430007E4F5 /* MindboxTestTask */;
			targetProxy = 03E5A55C2B7CB6480007E4F5 /* PBXContainerItemProxy */;
		};
		03E5A5672B7CB6480007E4F5 /* PBXTargetDependency */ = {
			isa = PBXTargetDependency;
			target = 03E5A5442B7CB6430007E4F5 /* MindboxTestTask */;
			targetProxy = 03E5A5662B7CB6480007E4F5 /* PBXContainerItemProxy */;
		};
/* End PBXTargetDependency section */

/* Begin PBXVariantGroup section */
		03E5A5532B7CB6470007E4F5 /* LaunchScreen.storyboard */ = {
			isa = PBXVariantGroup;
			children = (
				03E5A5542B7CB6470007E4F5 /* Base */,
			);
			name = LaunchScreen.storyboard;
			sourceTree = "<group>";
		};
/* End PBXVariantGroup section */

/* Begin XCBuildConfiguration section */
		03E5A56D2B7CB6480007E4F5 /* Debug */ = {
			isa = XCBuildConfiguration;
			buildSettings = {
				ALWAYS_SEARCH_USER_PATHS = NO;
				ASSETCATALOG_COMPILER_GENERATE_SWIFT_ASSET_SYMBOL_EXTENSIONS = YES;
				CLANG_ANALYZER_NONNULL = YES;
				CLANG_ANALYZER_NUMBER_OBJECT_CONVERSION = YES_AGGRESSIVE;
				CLANG_CXX_LANGUAGE_STANDARD = "gnu++20";
				CLANG_ENABLE_MODULES = YES;
				CLANG_ENABLE_OBJC_ARC = YES;
				CLANG_ENABLE_OBJC_WEAK = YES;
				CLANG_WARN_BLOCK_CAPTURE_AUTORELEASING = YES;
				CLANG_WARN_BOOL_CONVERSION = YES;
				CLANG_WARN_COMMA = YES;
				CLANG_WARN_CONSTANT_CONVERSION = YES;
				CLANG_WARN_DEPRECATED_OBJC_IMPLEMENTATIONS = YES;
				CLANG_WARN_DIRECT_OBJC_ISA_USAGE = YES_ERROR;
				CLANG_WARN_DOCUMENTATION_COMMENTS = YES;
				CLANG_WARN_EMPTY_BODY = YES;
				CLANG_WARN_ENUM_CONVERSION = YES;
				CLANG_WARN_INFINITE_RECURSION = YES;
				CLANG_WARN_INT_CONVERSION = YES;
				CLANG_WARN_NON_LITERAL_NULL_CONVERSION = YES;
				CLANG_WARN_OBJC_IMPLICIT_RETAIN_SELF = YES;
				CLANG_WARN_OBJC_LITERAL_CONVERSION = YES;
				CLANG_WARN_OBJC_ROOT_CLASS = YES_ERROR;
				CLANG_WARN_QUOTED_INCLUDE_IN_FRAMEWORK_HEADER = YES;
				CLANG_WARN_RANGE_LOOP_ANALYSIS = YES;
				CLANG_WARN_STRICT_PROTOTYPES = YES;
				CLANG_WARN_SUSPICIOUS_MOVE = YES;
				CLANG_WARN_UNGUARDED_AVAILABILITY = YES_AGGRESSIVE;
				CLANG_WARN_UNREACHABLE_CODE = YES;
				CLANG_WARN__DUPLICATE_METHOD_MATCH = YES;
				COPY_PHASE_STRIP = NO;
				DEBUG_INFORMATION_FORMAT = dwarf;
				ENABLE_STRICT_OBJC_MSGSEND = YES;
				ENABLE_TESTABILITY = YES;
				ENABLE_USER_SCRIPT_SANDBOXING = YES;
				GCC_C_LANGUAGE_STANDARD = gnu17;
				GCC_DYNAMIC_NO_PIC = NO;
				GCC_NO_COMMON_BLOCKS = YES;
				GCC_OPTIMIZATION_LEVEL = 0;
				GCC_PREPROCESSOR_DEFINITIONS = (
					"DEBUG=1",
					"$(inherited)",
				);
				GCC_WARN_64_TO_32_BIT_CONVERSION = YES;
				GCC_WARN_ABOUT_RETURN_TYPE = YES_ERROR;
				GCC_WARN_UNDECLARED_SELECTOR = YES;
				GCC_WARN_UNINITIALIZED_AUTOS = YES_AGGRESSIVE;
				GCC_WARN_UNUSED_FUNCTION = YES;
				GCC_WARN_UNUSED_VARIABLE = YES;
				IPHONEOS_DEPLOYMENT_TARGET = 17.2;
				LOCALIZATION_PREFERS_STRING_CATALOGS = YES;
				MTL_ENABLE_DEBUG_INFO = INCLUDE_SOURCE;
				MTL_FAST_MATH = YES;
				ONLY_ACTIVE_ARCH = YES;
				SDKROOT = iphoneos;
				SWIFT_ACTIVE_COMPILATION_CONDITIONS = "DEBUG $(inherited)";
				SWIFT_OPTIMIZATION_LEVEL = "-Onone";
			};
			name = Debug;
		};
		03E5A56E2B7CB6480007E4F5 /* Release */ = {
			isa = XCBuildConfiguration;
			buildSettings = {
				ALWAYS_SEARCH_USER_PATHS = NO;
				ASSETCATALOG_COMPILER_GENERATE_SWIFT_ASSET_SYMBOL_EXTENSIONS = YES;
				CLANG_ANALYZER_NONNULL = YES;
				CLANG_ANALYZER_NUMBER_OBJECT_CONVERSION = YES_AGGRESSIVE;
				CLANG_CXX_LANGUAGE_STANDARD = "gnu++20";
				CLANG_ENABLE_MODULES = YES;
				CLANG_ENABLE_OBJC_ARC = YES;
				CLANG_ENABLE_OBJC_WEAK = YES;
				CLANG_WARN_BLOCK_CAPTURE_AUTORELEASING = YES;
				CLANG_WARN_BOOL_CONVERSION = YES;
				CLANG_WARN_COMMA = YES;
				CLANG_WARN_CONSTANT_CONVERSION = YES;
				CLANG_WARN_DEPRECATED_OBJC_IMPLEMENTATIONS = YES;
				CLANG_WARN_DIRECT_OBJC_ISA_USAGE = YES_ERROR;
				CLANG_WARN_DOCUMENTATION_COMMENTS = YES;
				CLANG_WARN_EMPTY_BODY = YES;
				CLANG_WARN_ENUM_CONVERSION = YES;
				CLANG_WARN_INFINITE_RECURSION = YES;
				CLANG_WARN_INT_CONVERSION = YES;
				CLANG_WARN_NON_LITERAL_NULL_CONVERSION = YES;
				CLANG_WARN_OBJC_IMPLICIT_RETAIN_SELF = YES;
				CLANG_WARN_OBJC_LITERAL_CONVERSION = YES;
				CLANG_WARN_OBJC_ROOT_CLASS = YES_ERROR;
				CLANG_WARN_QUOTED_INCLUDE_IN_FRAMEWORK_HEADER = YES;
				CLANG_WARN_RANGE_LOOP_ANALYSIS = YES;
				CLANG_WARN_STRICT_PROTOTYPES = YES;
				CLANG_WARN_SUSPICIOUS_MOVE = YES;
				CLANG_WARN_UNGUARDED_AVAILABILITY = YES_AGGRESSIVE;
				CLANG_WARN_UNREACHABLE_CODE = YES;
				CLANG_WARN__DUPLICATE_METHOD_MATCH = YES;
				COPY_PHASE_STRIP = NO;
				DEBUG_INFORMATION_FORMAT = "dwarf-with-dsym";
				ENABLE_NS_ASSERTIONS = NO;
				ENABLE_STRICT_OBJC_MSGSEND = YES;
				ENABLE_USER_SCRIPT_SANDBOXING = YES;
				GCC_C_LANGUAGE_STANDARD = gnu17;
				GCC_NO_COMMON_BLOCKS = YES;
				GCC_WARN_64_TO_32_BIT_CONVERSION = YES;
				GCC_WARN_ABOUT_RETURN_TYPE = YES_ERROR;
				GCC_WARN_UNDECLARED_SELECTOR = YES;
				GCC_WARN_UNINITIALIZED_AUTOS = YES_AGGRESSIVE;
				GCC_WARN_UNUSED_FUNCTION = YES;
				GCC_WARN_UNUSED_VARIABLE = YES;
				IPHONEOS_DEPLOYMENT_TARGET = 17.2;
				LOCALIZATION_PREFERS_STRING_CATALOGS = YES;
				MTL_ENABLE_DEBUG_INFO = NO;
				MTL_FAST_MATH = YES;
				SDKROOT = iphoneos;
				SWIFT_COMPILATION_MODE = wholemodule;
				VALIDATE_PRODUCT = YES;
			};
			name = Release;
		};
		03E5A5702B7CB6480007E4F5 /* Debug */ = {
			isa = XCBuildConfiguration;
			buildSettings = {
				ASSETCATALOG_COMPILER_APPICON_NAME = AppIcon;
				ASSETCATALOG_COMPILER_GLOBAL_ACCENT_COLOR_NAME = AccentColor;
				CODE_SIGN_STYLE = Automatic;
				CURRENT_PROJECT_VERSION = 1;
				DEVELOPMENT_TEAM = 27HNUHGL83;
				GENERATE_INFOPLIST_FILE = YES;
				INFOPLIST_FILE = MindboxTestTask/Info.plist;
				INFOPLIST_KEY_UIApplicationSupportsIndirectInputEvents = YES;
				INFOPLIST_KEY_UILaunchStoryboardName = LaunchScreen;
				INFOPLIST_KEY_UISupportedInterfaceOrientations_iPad = "UIInterfaceOrientationPortrait UIInterfaceOrientationPortraitUpsideDown UIInterfaceOrientationLandscapeLeft UIInterfaceOrientationLandscapeRight";
				INFOPLIST_KEY_UISupportedInterfaceOrientations_iPhone = "UIInterfaceOrientationPortrait UIInterfaceOrientationLandscapeLeft UIInterfaceOrientationLandscapeRight";
				LD_RUNPATH_SEARCH_PATHS = (
					"$(inherited)",
					"@executable_path/Frameworks",
				);
				MARKETING_VERSION = 1.0;
				PRODUCT_BUNDLE_IDENTIFIER = "com.mihail.chertov-gmail.com.MindboxTestTask";
				PRODUCT_NAME = "$(TARGET_NAME)";
				SWIFT_EMIT_LOC_STRINGS = YES;
				SWIFT_VERSION = 5.0;
				TARGETED_DEVICE_FAMILY = "1,2";
			};
			name = Debug;
		};
		03E5A5712B7CB6480007E4F5 /* Release */ = {
			isa = XCBuildConfiguration;
			buildSettings = {
				ASSETCATALOG_COMPILER_APPICON_NAME = AppIcon;
				ASSETCATALOG_COMPILER_GLOBAL_ACCENT_COLOR_NAME = AccentColor;
				CODE_SIGN_STYLE = Automatic;
				CURRENT_PROJECT_VERSION = 1;
				DEVELOPMENT_TEAM = 27HNUHGL83;
				GENERATE_INFOPLIST_FILE = YES;
				INFOPLIST_FILE = MindboxTestTask/Info.plist;
				INFOPLIST_KEY_UIApplicationSupportsIndirectInputEvents = YES;
				INFOPLIST_KEY_UILaunchStoryboardName = LaunchScreen;
				INFOPLIST_KEY_UISupportedInterfaceOrientations_iPad = "UIInterfaceOrientationPortrait UIInterfaceOrientationPortraitUpsideDown UIInterfaceOrientationLandscapeLeft UIInterfaceOrientationLandscapeRight";
				INFOPLIST_KEY_UISupportedInterfaceOrientations_iPhone = "UIInterfaceOrientationPortrait UIInterfaceOrientationLandscapeLeft UIInterfaceOrientationLandscapeRight";
				LD_RUNPATH_SEARCH_PATHS = (
					"$(inherited)",
					"@executable_path/Frameworks",
				);
				MARKETING_VERSION = 1.0;
				PRODUCT_BUNDLE_IDENTIFIER = "com.mihail.chertov-gmail.com.MindboxTestTask";
				PRODUCT_NAME = "$(TARGET_NAME)";
				SWIFT_EMIT_LOC_STRINGS = YES;
				SWIFT_VERSION = 5.0;
				TARGETED_DEVICE_FAMILY = "1,2";
			};
			name = Release;
		};
		03E5A5732B7CB6480007E4F5 /* Debug */ = {
			isa = XCBuildConfiguration;
			buildSettings = {
				ALWAYS_EMBED_SWIFT_STANDARD_LIBRARIES = YES;
				BUNDLE_LOADER = "$(TEST_HOST)";
				CODE_SIGN_STYLE = Automatic;
				CURRENT_PROJECT_VERSION = 1;
				DEVELOPMENT_TEAM = 27HNUHGL83;
				GENERATE_INFOPLIST_FILE = YES;
				IPHONEOS_DEPLOYMENT_TARGET = 17.2;
				MARKETING_VERSION = 1.0;
				PRODUCT_BUNDLE_IDENTIFIER = "com.mihail.chertov-gmail.com.MindboxTestTaskTests";
				PRODUCT_NAME = "$(TARGET_NAME)";
				SWIFT_EMIT_LOC_STRINGS = NO;
				SWIFT_VERSION = 5.0;
				TARGETED_DEVICE_FAMILY = "1,2";
				TEST_HOST = "$(BUILT_PRODUCTS_DIR)/MindboxTestTask.app/$(BUNDLE_EXECUTABLE_FOLDER_PATH)/MindboxTestTask";
			};
			name = Debug;
		};
		03E5A5742B7CB6480007E4F5 /* Release */ = {
			isa = XCBuildConfiguration;
			buildSettings = {
				ALWAYS_EMBED_SWIFT_STANDARD_LIBRARIES = YES;
				BUNDLE_LOADER = "$(TEST_HOST)";
				CODE_SIGN_STYLE = Automatic;
				CURRENT_PROJECT_VERSION = 1;
				DEVELOPMENT_TEAM = 27HNUHGL83;
				GENERATE_INFOPLIST_FILE = YES;
				IPHONEOS_DEPLOYMENT_TARGET = 17.2;
				MARKETING_VERSION = 1.0;
				PRODUCT_BUNDLE_IDENTIFIER = "com.mihail.chertov-gmail.com.MindboxTestTaskTests";
				PRODUCT_NAME = "$(TARGET_NAME)";
				SWIFT_EMIT_LOC_STRINGS = NO;
				SWIFT_VERSION = 5.0;
				TARGETED_DEVICE_FAMILY = "1,2";
				TEST_HOST = "$(BUILT_PRODUCTS_DIR)/MindboxTestTask.app/$(BUNDLE_EXECUTABLE_FOLDER_PATH)/MindboxTestTask";
			};
			name = Release;
		};
		03E5A5762B7CB6480007E4F5 /* Debug */ = {
			isa = XCBuildConfiguration;
			buildSettings = {
				ALWAYS_EMBED_SWIFT_STANDARD_LIBRARIES = YES;
				CODE_SIGN_STYLE = Automatic;
				CURRENT_PROJECT_VERSION = 1;
				DEVELOPMENT_TEAM = 27HNUHGL83;
				GENERATE_INFOPLIST_FILE = YES;
				MARKETING_VERSION = 1.0;
				PRODUCT_BUNDLE_IDENTIFIER = "com.mihail.chertov-gmail.com.MindboxTestTaskUITests";
				PRODUCT_NAME = "$(TARGET_NAME)";
				SWIFT_EMIT_LOC_STRINGS = NO;
				SWIFT_VERSION = 5.0;
				TARGETED_DEVICE_FAMILY = "1,2";
				TEST_TARGET_NAME = MindboxTestTask;
			};
			name = Debug;
		};
		03E5A5772B7CB6480007E4F5 /* Release */ = {
			isa = XCBuildConfiguration;
			buildSettings = {
				ALWAYS_EMBED_SWIFT_STANDARD_LIBRARIES = YES;
				CODE_SIGN_STYLE = Automatic;
				CURRENT_PROJECT_VERSION = 1;
				DEVELOPMENT_TEAM = 27HNUHGL83;
				GENERATE_INFOPLIST_FILE = YES;
				MARKETING_VERSION = 1.0;
				PRODUCT_BUNDLE_IDENTIFIER = "com.mihail.chertov-gmail.com.MindboxTestTaskUITests";
				PRODUCT_NAME = "$(TARGET_NAME)";
				SWIFT_EMIT_LOC_STRINGS = NO;
				SWIFT_VERSION = 5.0;
				TARGETED_DEVICE_FAMILY = "1,2";
				TEST_TARGET_NAME = MindboxTestTask;
			};
			name = Release;
		};
/* End XCBuildConfiguration section */

/* Begin XCConfigurationList section */
		03E5A5402B7CB6430007E4F5 /* Build configuration list for PBXProject "MindboxTestTask" */ = {
			isa = XCConfigurationList;
			buildConfigurations = (
				03E5A56D2B7CB6480007E4F5 /* Debug */,
				03E5A56E2B7CB6480007E4F5 /* Release */,
			);
			defaultConfigurationIsVisible = 0;
			defaultConfigurationName = Release;
		};
		03E5A56F2B7CB6480007E4F5 /* Build configuration list for PBXNativeTarget "MindboxTestTask" */ = {
			isa = XCConfigurationList;
			buildConfigurations = (
				03E5A5702B7CB6480007E4F5 /* Debug */,
				03E5A5712B7CB6480007E4F5 /* Release */,
			);
			defaultConfigurationIsVisible = 0;
			defaultConfigurationName = Release;
		};
		03E5A5722B7CB6480007E4F5 /* Build configuration list for PBXNativeTarget "MindboxTestTaskTests" */ = {
			isa = XCConfigurationList;
			buildConfigurations = (
				03E5A5732B7CB6480007E4F5 /* Debug */,
				03E5A5742B7CB6480007E4F5 /* Release */,
			);
			defaultConfigurationIsVisible = 0;
			defaultConfigurationName = Release;
		};
		03E5A5752B7CB6480007E4F5 /* Build configuration list for PBXNativeTarget "MindboxTestTaskUITests" */ = {
			isa = XCConfigurationList;
			buildConfigurations = (
				03E5A5762B7CB6480007E4F5 /* Debug */,
				03E5A5772B7CB6480007E4F5 /* Release */,
			);
			defaultConfigurationIsVisible = 0;
			defaultConfigurationName = Release;
		};
/* End XCConfigurationList section */
	};
	rootObject = 03E5A53D2B7CB6430007E4F5 /* Project object */;
}
